Microsoft Visual Studio Solution File, Format Version 12.00
# Visual Studio Version 17
VisualStudioVersion = 17.8.0.0
MinimumVisualStudioVersion = 17.8.0.0
Project("{9A19103F-16F7-4668-BE54-9A1E7A4F7556}") = "Stats.AppHost", "Stats.AppHost\Stats.AppHost.csproj", "{A0F0DD3D-93AA-442F-8437-A28A9F4C4788}"
EndProject
Project("{9A19103F-16F7-4668-BE54-9A1E7A4F7556}") = "Stats.ServiceDefaults", "Stats.ServiceDefaults\Stats.ServiceDefaults.csproj", "{F4B609A6-22DE-4EBE-BBEE-B95E2395F3AD}"
EndProject
Project("{9A19103F-16F7-4668-BE54-9A1E7A4F7556}") = "Stats.ApiService", "Stats.ApiService\Stats.ApiService.csproj", "{3C578EC3-4422-45BD-A007-68B53CB49F00}"
EndProject
Project("{9A19103F-16F7-4668-BE54-9A1E7A4F7556}") = "Stats.Web", "Stats.Web\Stats.Web.csproj", "{EBDB6333-A54A-41D7-9EBC-BFEB3BC439FD}"
EndProject
Project("{FAE04EC0-301F-11D3-BF4B-00C04F79EFBC}") = "Stats", "Stats\Stats.csproj", "{C2E122FA-5928-42D6-859B-676F5B3BCC68}"
EndProject
Project("{FAE04EC0-301F-11D3-BF4B-00C04F79EFBC}") = "Stats.Cli", "Stats.Cli\Stats.Cli.csproj", "{CD52F183-BF59-4071-B670-59F7B3D46AE6}"
EndProject
Global
	GlobalSection(SolutionConfigurationPlatforms) = preSolution
		Debug|Any CPU = Debug|Any CPU
		Release|Any CPU = Release|Any CPU
	EndGlobalSection
	GlobalSection(ProjectConfigurationPlatforms) = postSolution
		{A0F0DD3D-93AA-442F-8437-A28A9F4C4788}.Debug|Any CPU.ActiveCfg = Debug|Any CPU
		{A0F0DD3D-93AA-442F-8437-A28A9F4C4788}.Debug|Any CPU.Build.0 = Debug|Any CPU
		{A0F0DD3D-93AA-442F-8437-A28A9F4C4788}.Release|Any CPU.ActiveCfg = Release|Any CPU
		{A0F0DD3D-93AA-442F-8437-A28A9F4C4788}.Release|Any CPU.Build.0 = Release|Any CPU
		{F4B609A6-22DE-4EBE-BBEE-B95E2395F3AD}.Debug|Any CPU.ActiveCfg = Debug|Any CPU
		{F4B609A6-22DE-4EBE-BBEE-B95E2395F3AD}.Debug|Any CPU.Build.0 = Debug|Any CPU
		{F4B609A6-22DE-4EBE-BBEE-B95E2395F3AD}.Release|Any CPU.ActiveCfg = Release|Any CPU
		{F4B609A6-22DE-4EBE-BBEE-B95E2395F3AD}.Release|Any CPU.Build.0 = Release|Any CPU
		{3C578EC3-4422-45BD-A007-68B53CB49F00}.Debug|Any CPU.ActiveCfg = Debug|Any CPU
		{3C578EC3-4422-45BD-A007-68B53CB49F00}.Debug|Any CPU.Build.0 = Debug|Any CPU
		{3C578EC3-4422-45BD-A007-68B53CB49F00}.Release|Any CPU.ActiveCfg = Release|Any CPU
		{3C578EC3-4422-45BD-A007-68B53CB49F00}.Release|Any CPU.Build.0 = Release|Any CPU
		{EBDB6333-A54A-41D7-9EBC-BFEB3BC439FD}.Debug|Any CPU.ActiveCfg = Debug|Any CPU
		{EBDB6333-A54A-41D7-9EBC-BFEB3BC439FD}.Debug|Any CPU.Build.0 = Debug|Any CPU
		{EBDB6333-A54A-41D7-9EBC-BFEB3BC439FD}.Release|Any CPU.ActiveCfg = Release|Any CPU
		{EBDB6333-A54A-41D7-9EBC-BFEB3BC439FD}.Release|Any CPU.Build.0 = Release|Any CPU
		{C2E122FA-5928-42D6-859B-676F5B3BCC68}.Debug|Any CPU.ActiveCfg = Debug|Any CPU
		{C2E122FA-5928-42D6-859B-676F5B3BCC68}.Debug|Any CPU.Build.0 = Debug|Any CPU
		{C2E122FA-5928-42D6-859B-676F5B3BCC68}.Release|Any CPU.ActiveCfg = Release|Any CPU
		{C2E122FA-5928-42D6-859B-676F5B3BCC68}.Release|Any CPU.Build.0 = Release|Any CPU
		{CD52F183-BF59-4071-B670-59F7B3D46AE6}.Debug|Any CPU.ActiveCfg = Debug|Any CPU
		{CD52F183-BF59-4071-B670-59F7B3D46AE6}.Debug|Any CPU.Build.0 = Debug|Any CPU
		{CD52F183-BF59-4071-B670-59F7B3D46AE6}.Release|Any CPU.ActiveCfg = Release|Any CPU
		{CD52F183-BF59-4071-B670-59F7B3D46AE6}.Release|Any CPU.Build.0 = Release|Any CPU
	EndGlobalSection
	GlobalSection(SolutionProperties) = preSolution
		HideSolutionNode = FALSE
	EndGlobalSection
	GlobalSection(ExtensibilityGlobals) = postSolution
		SolutionGuid = {921E3050-4B71-42C7-B1A1-47675B29F150}
	EndGlobalSection
EndGlobal
